
Microsoft Visual Studio Solution File, Format Version 12.00
# Visual Studio Version 16
VisualStudioVersion = 16.0.28902.138
MinimumVisualStudioVersion = 10.0.40219.1
Project("{9A19103F-16F7-4668-BE54-9A1E7A4F7556}") = "X10D.Performant", "X10D.Performant\X10D.Performant.csproj", "{4A8CC062-8B82-4625-B3CC-7DBEAB2AF149}"
EndProject
Project("{9A19103F-16F7-4668-BE54-9A1E7A4F7556}") = "X10D.Performant.Tests", "X10D.Performant.Tests\X10D.Performant.Tests.csproj", "{DF228EA2-D8EC-4A40-8917-E1E62E3B7D8E}"
EndProject
Project("{FAE04EC0-301F-11D3-BF4B-00C04F79EFBC}") = "X10D.Generator", "X10D.Generator\X10D.Generator.csproj", "{5010317B-9DCF-4CD3-83B9-9BE77DE3F8F8}"
EndProject
Global
	GlobalSection(SolutionConfigurationPlatforms) = preSolution
		Debug|Any CPU = Debug|Any CPU
		Release|Any CPU = Release|Any CPU
	EndGlobalSection
	GlobalSection(ProjectConfigurationPlatforms) = postSolution
		{4A8CC062-8B82-4625-B3CC-7DBEAB2AF149}.Debug|Any CPU.ActiveCfg = Debug|Any CPU
		{4A8CC062-8B82-4625-B3CC-7DBEAB2AF149}.Debug|Any CPU.Build.0 = Debug|Any CPU
		{4A8CC062-8B82-4625-B3CC-7DBEAB2AF149}.Release|Any CPU.ActiveCfg = Release|Any CPU
		{4A8CC062-8B82-4625-B3CC-7DBEAB2AF149}.Release|Any CPU.Build.0 = Release|Any CPU
		{DF228EA2-D8EC-4A40-8917-E1E62E3B7D8E}.Debug|Any CPU.ActiveCfg = Debug|Any CPU
		{DF228EA2-D8EC-4A40-8917-E1E62E3B7D8E}.Debug|Any CPU.Build.0 = Debug|Any CPU
		{DF228EA2-D8EC-4A40-8917-E1E62E3B7D8E}.Release|Any CPU.ActiveCfg = Release|Any CPU
		{DF228EA2-D8EC-4A40-8917-E1E62E3B7D8E}.Release|Any CPU.Build.0 = Release|Any CPU
		{5010317B-9DCF-4CD3-83B9-9BE77DE3F8F8}.Debug|Any CPU.ActiveCfg = Debug|Any CPU
		{5010317B-9DCF-4CD3-83B9-9BE77DE3F8F8}.Debug|Any CPU.Build.0 = Debug|Any CPU
		{5010317B-9DCF-4CD3-83B9-9BE77DE3F8F8}.Release|Any CPU.ActiveCfg = Release|Any CPU
		{5010317B-9DCF-4CD3-83B9-9BE77DE3F8F8}.Release|Any CPU.Build.0 = Release|Any CPU
	EndGlobalSection
	GlobalSection(SolutionProperties) = preSolution
		HideSolutionNode = FALSE
	EndGlobalSection
	GlobalSection(ExtensibilityGlobals) = postSolution
		SolutionGuid = {6F733785-8837-410C-BD91-C4AD1F0A6914}
	EndGlobalSection
EndGlobal
